
Microsoft Visual Studio Solution File, Format Version 12.00
# Visual Studio Version 16
VisualStudioVersion = 16.0.29609.76
MinimumVisualStudioVersion = 10.0.40219.1
Project("{FAE04EC0-301F-11D3-BF4B-00C04F79EFBC}") = "StringProblem", "StringProblem\StringProblem.csproj", "{95A36239-55DC-40E4-8A2D-3A7E6126EEC8}"
EndProject
Project("{FAE04EC0-301F-11D3-BF4B-00C04F79EFBC}") = "StringProblem.Tests", "StringProblem.Tests\StringProblem.Tests.csproj", "{63D23212-B7F4-4336-905D-174BC1EC61C2}"
EndProject
Project("{2150E333-8FDC-42A3-9474-1A3956D46DE8}") = "Tests", "Tests", "{8924B079-CE32-4083-8173-AC7B34838F4A}"
EndProject
Project("{FAE04EC0-301F-11D3-BF4B-00C04F79EFBC}") = "Calc.Tests", "Calc.Tests\Calc.Tests.csproj", "{A9CFAB9E-E284-4410-924C-DC6EC4911360}"
EndProject
Project("{FAE04EC0-301F-11D3-BF4B-00C04F79EFBC}") = "CalcProj", "CalcProj\CalcProj.csproj", "{E3AF4540-EB52-456C-BBF9-DCCB7214861B}"
EndProject
Project("{FAE04EC0-301F-11D3-BF4B-00C04F79EFBC}") = "GenericCalc", "GenericCalc\GenericCalc.csproj", "{D1F7C7FC-00F2-4084-AEA5-2FE7C2E50646}"
EndProject
Project("{FAE04EC0-301F-11D3-BF4B-00C04F79EFBC}") = "GenericCalc.Tests", "GenericCalc.Tests\GenericCalc.Tests.csproj", "{51AE26E6-353A-4BAA-823A-34737F2BFA9A}"
EndProject
Global
	GlobalSection(SolutionConfigurationPlatforms) = preSolution
		Debug|Any CPU = Debug|Any CPU
		Release|Any CPU = Release|Any CPU
	EndGlobalSection
	GlobalSection(ProjectConfigurationPlatforms) = postSolution
		{95A36239-55DC-40E4-8A2D-3A7E6126EEC8}.Debug|Any CPU.ActiveCfg = Debug|Any CPU
		{95A36239-55DC-40E4-8A2D-3A7E6126EEC8}.Debug|Any CPU.Build.0 = Debug|Any CPU
		{95A36239-55DC-40E4-8A2D-3A7E6126EEC8}.Release|Any CPU.ActiveCfg = Release|Any CPU
		{95A36239-55DC-40E4-8A2D-3A7E6126EEC8}.Release|Any CPU.Build.0 = Release|Any CPU
		{63D23212-B7F4-4336-905D-174BC1EC61C2}.Debug|Any CPU.ActiveCfg = Debug|Any CPU
		{63D23212-B7F4-4336-905D-174BC1EC61C2}.Debug|Any CPU.Build.0 = Debug|Any CPU
		{63D23212-B7F4-4336-905D-174BC1EC61C2}.Release|Any CPU.ActiveCfg = Release|Any CPU
		{63D23212-B7F4-4336-905D-174BC1EC61C2}.Release|Any CPU.Build.0 = Release|Any CPU
		{A9CFAB9E-E284-4410-924C-DC6EC4911360}.Debug|Any CPU.ActiveCfg = Debug|Any CPU
		{A9CFAB9E-E284-4410-924C-DC6EC4911360}.Debug|Any CPU.Build.0 = Debug|Any CPU
		{A9CFAB9E-E284-4410-924C-DC6EC4911360}.Release|Any CPU.ActiveCfg = Release|Any CPU
		{A9CFAB9E-E284-4410-924C-DC6EC4911360}.Release|Any CPU.Build.0 = Release|Any CPU
		{E3AF4540-EB52-456C-BBF9-DCCB7214861B}.Debug|Any CPU.ActiveCfg = Debug|Any CPU
		{E3AF4540-EB52-456C-BBF9-DCCB7214861B}.Debug|Any CPU.Build.0 = Debug|Any CPU
		{E3AF4540-EB52-456C-BBF9-DCCB7214861B}.Release|Any CPU.ActiveCfg = Release|Any CPU
		{E3AF4540-EB52-456C-BBF9-DCCB7214861B}.Release|Any CPU.Build.0 = Release|Any CPU
		{D1F7C7FC-00F2-4084-AEA5-2FE7C2E50646}.Debug|Any CPU.ActiveCfg = Debug|Any CPU
		{D1F7C7FC-00F2-4084-AEA5-2FE7C2E50646}.Debug|Any CPU.Build.0 = Debug|Any CPU
		{D1F7C7FC-00F2-4084-AEA5-2FE7C2E50646}.Release|Any CPU.ActiveCfg = Release|Any CPU
		{D1F7C7FC-00F2-4084-AEA5-2FE7C2E50646}.Release|Any CPU.Build.0 = Release|Any CPU
		{51AE26E6-353A-4BAA-823A-34737F2BFA9A}.Debug|Any CPU.ActiveCfg = Debug|Any CPU
		{51AE26E6-353A-4BAA-823A-34737F2BFA9A}.Debug|Any CPU.Build.0 = Debug|Any CPU
		{51AE26E6-353A-4BAA-823A-34737F2BFA9A}.Release|Any CPU.ActiveCfg = Release|Any CPU
		{51AE26E6-353A-4BAA-823A-34737F2BFA9A}.Release|Any CPU.Build.0 = Release|Any CPU
	EndGlobalSection
	GlobalSection(SolutionProperties) = preSolution
		HideSolutionNode = FALSE
	EndGlobalSection
	GlobalSection(NestedProjects) = preSolution
		{63D23212-B7F4-4336-905D-174BC1EC61C2} = {8924B079-CE32-4083-8173-AC7B34838F4A}
		{A9CFAB9E-E284-4410-924C-DC6EC4911360} = {8924B079-CE32-4083-8173-AC7B34838F4A}
		{51AE26E6-353A-4BAA-823A-34737F2BFA9A} = {8924B079-CE32-4083-8173-AC7B34838F4A}
	EndGlobalSection
	GlobalSection(ExtensibilityGlobals) = postSolution
		SolutionGuid = {99F4D108-B973-4C23-A4BD-9A263FDE9AAA}
	EndGlobalSection
EndGlobal
